
Microsoft Visual Studio Solution File, Format Version 12.00
# Visual Studio Version 16
VisualStudioVersion = 25.0.1700.6
MinimumVisualStudioVersion = 10.0.40219.1
Project("{FAE04EC0-301F-11D3-BF4B-00C04F79EFBC}") = "dotnetserver", "dotnetserver\dotnetserver.csproj", "{055F664D-96CE-4820-991B-963C98A6CE77}"
EndProject
Global
	GlobalSection(SolutionConfigurationPlatforms) = preSolution
		Debug|Any CPU = Debug|Any CPU
		Release|Any CPU = Release|Any CPU
	EndGlobalSection
	GlobalSection(ProjectConfigurationPlatforms) = postSolution
		{055F664D-96CE-4820-991B-963C98A6CE77}.Debug|Any CPU.ActiveCfg = Debug|Any CPU
		{055F664D-96CE-4820-991B-963C98A6CE77}.Debug|Any CPU.Build.0 = Debug|Any CPU
		{055F664D-96CE-4820-991B-963C98A6CE77}.Release|Any CPU.ActiveCfg = Release|Any CPU
		{055F664D-96CE-4820-991B-963C98A6CE77}.Release|Any CPU.Build.0 = Release|Any CPU
	EndGlobalSection
	GlobalSection(SolutionProperties) = preSolution
		HideSolutionNode = FALSE
	EndGlobalSection
	GlobalSection(ExtensibilityGlobals) = postSolution
		SolutionGuid = {A3CE5C56-3760-4C04-9A73-E33D3FDA00D9}
	EndGlobalSection
EndGlobal
